{
  "nodes": {
    "nixpkgs": {
      "locked": {
        "lastModified": 1760818180,
        "narHash": "sha256-1KoFcgSn3zcTFgnoNaupdJxzkDTFVREDom+MuqGq2oA=",
        "owner": "nixos",
        "repo": "nixpkgs",
        "rev": "2ebe28415b0940e00e76db788bb76c662ab48353",
        "type": "github"
      },
      "original": {
        "owner": "nixos",
        "ref": "release-25.05",
        "repo": "nixpkgs",
        "type": "github"
      }
    },
    "root": {
      "inputs": {
        "nixpkgs": "nixpkgs"
      }
    }
  },
  "root": "root",
  "version": 7
}
