{
  "nodes": {
    "nixpkgs": {
      "locked": {
        "lastModified": 1773173322,
        "narHash": "sha256-FVFlb4p0ieZrg+DYbYotAv0ORn/i2QBOfQ5abvsvBBQ=",
        "owner": "nixos",
        "repo": "nixpkgs",
        "rev": "9c81b43131088050899d24b897d3af2418b02e35",
        "type": "github"
      },
      "original": {
        "owner": "nixos",
        "ref": "release-25.11",
        "repo": "nixpkgs",
        "type": "github"
      }
    },
    "root": {
      "inputs": {
        "nixpkgs": "nixpkgs"
      }
    }
  },
  "root": "root",
  "version": 7
}
