{
  "nodes": {
    "nixpkgs": {
      "locked": {
        "lastModified": 1777878380,
        "narHash": "sha256-dlJtfqB6xNt9mlpA3r79LmU0BTJe+MDIuYukx8f+gWw=",
        "owner": "nixos",
        "repo": "nixpkgs",
        "rev": "e6494dc14d7c06d1f52f68155ceb4724c3cd9a99",
        "type": "github"
      },
      "original": {
        "owner": "nixos",
        "ref": "release-25.11",
        "repo": "nixpkgs",
        "type": "github"
      }
    },
    "root": {
      "inputs": {
        "nixpkgs": "nixpkgs"
      }
    }
  },
  "root": "root",
  "version": 7
}
